<?xml version="1.0" encoding="UTF-8"?>
<Scheme
   version = "1.3">
   <BuildAction>
      <BuildActionEntries>
         <BuildActionEntry
            buildForRunning = "YES">
            <BuildableReference
               BuildableIdentifier = "primary"
               BlueprintIdentifier = "6D00F8F61587BBE3DA58C0B6"
               BuildableName = "KotlinForiOS.app"
               BlueprintName = "KotlinForiOS"
               ReferencedContainer = "container:KotlinForiOS.xcodeproj">
            </BuildableReference>
         </BuildActionEntry>
      </BuildActionEntries>
   </BuildAction>
   <LaunchAction
      useCustomWorkingDirectory = "NO"
      buildConfiguration = "Debug"
      allowLocationSimulation = "YES">
      <BuildableProductRunnable>
         <BuildableReference
            BuildableIdentifier = "primary"
            BlueprintIdentifier = "6D00F8F61587BBE3DA58C0B6"
            BuildableName = "KotlinForiOS.app"
            BlueprintName = "KotlinForiOS"
            ReferencedContainer = "container:KotlinForiOS.xcodeproj">
         </BuildableReference>
      </BuildableProductRunnable>
   </LaunchAction>
</Scheme>
